
Microsoft Visual Studio Solution File, Format Version 12.00
Project("{FAE04EC0-301F-11D3-BF4B-00C04F79EFBC}") = "HRMS", "HRMS\HRMS.csproj", "{DECCF341-4FAC-4561-81A0-E3FB7F6AABED}"
EndProject
Project("{2150E333-8FDC-42A3-9474-1A3956D46DE8}") = "src", "src", "{802D4497-4BD3-4EF1-BF23-AF4E64458E40}"
EndProject
Project("{2150E333-8FDC-42A3-9474-1A3956D46DE8}") = "test", "test", "{D85BDB70-DC70-4897-9D6C-03E3181B510F}"
EndProject
Project("{2150E333-8FDC-42A3-9474-1A3956D46DE8}") = "API", "API", "{78B7DD07-A3CA-4E7E-954A-D7CA95214329}"
EndProject
Project("{2150E333-8FDC-42A3-9474-1A3956D46DE8}") = "Core", "Core", "{61C8F316-897D-421F-BEAA-A9133AE5261D}"
EndProject
Project("{2150E333-8FDC-42A3-9474-1A3956D46DE8}") = "Infrastructure", "Infrastructure", "{A1A051F2-C881-4D2C-8DA2-4D119965F13C}"
EndProject
Project("{FAE04EC0-301F-11D3-BF4B-00C04F79EFBC}") = "HRMS.Domain", "HRMS.Domain\HRMS.Domain.csproj", "{07BF4F71-B4D7-4F22-992C-5A3DED135CE7}"
EndProject
Project("{FAE04EC0-301F-11D3-BF4B-00C04F79EFBC}") = "HRMS.Application", "HRMS.Application\HRMS.Application.csproj", "{C88017E1-D8E9-4232-926C-336326D2CBB9}"
EndProject
Project("{FAE04EC0-301F-11D3-BF4B-00C04F79EFBC}") = "HRMS.Infrastructure", "HRMS.Infrastructure\HRMS.Infrastructure.csproj", "{D244E8A3-E929-4AFA-831D-6C993554DA67}"
EndProject
Project("{FAE04EC0-301F-11D3-BF4B-00C04F79EFBC}") = "HRMS.Identity", "HRMS.Identity\HRMS.Identity.csproj", "{2AE0DD6F-F61F-4EAD-A14C-5F012210B3C8}"
EndProject
Global
	GlobalSection(SolutionConfigurationPlatforms) = preSolution
		Debug|Any CPU = Debug|Any CPU
		Release|Any CPU = Release|Any CPU
	EndGlobalSection
	GlobalSection(ProjectConfigurationPlatforms) = postSolution
		{DECCF341-4FAC-4561-81A0-E3FB7F6AABED}.Debug|Any CPU.ActiveCfg = Debug|Any CPU
		{DECCF341-4FAC-4561-81A0-E3FB7F6AABED}.Debug|Any CPU.Build.0 = Debug|Any CPU
		{DECCF341-4FAC-4561-81A0-E3FB7F6AABED}.Release|Any CPU.ActiveCfg = Release|Any CPU
		{DECCF341-4FAC-4561-81A0-E3FB7F6AABED}.Release|Any CPU.Build.0 = Release|Any CPU
		{07BF4F71-B4D7-4F22-992C-5A3DED135CE7}.Debug|Any CPU.ActiveCfg = Debug|Any CPU
		{07BF4F71-B4D7-4F22-992C-5A3DED135CE7}.Debug|Any CPU.Build.0 = Debug|Any CPU
		{07BF4F71-B4D7-4F22-992C-5A3DED135CE7}.Release|Any CPU.ActiveCfg = Release|Any CPU
		{07BF4F71-B4D7-4F22-992C-5A3DED135CE7}.Release|Any CPU.Build.0 = Release|Any CPU
		{C88017E1-D8E9-4232-926C-336326D2CBB9}.Debug|Any CPU.ActiveCfg = Debug|Any CPU
		{C88017E1-D8E9-4232-926C-336326D2CBB9}.Debug|Any CPU.Build.0 = Debug|Any CPU
		{C88017E1-D8E9-4232-926C-336326D2CBB9}.Release|Any CPU.ActiveCfg = Release|Any CPU
		{C88017E1-D8E9-4232-926C-336326D2CBB9}.Release|Any CPU.Build.0 = Release|Any CPU
		{D244E8A3-E929-4AFA-831D-6C993554DA67}.Debug|Any CPU.ActiveCfg = Debug|Any CPU
		{D244E8A3-E929-4AFA-831D-6C993554DA67}.Debug|Any CPU.Build.0 = Debug|Any CPU
		{D244E8A3-E929-4AFA-831D-6C993554DA67}.Release|Any CPU.ActiveCfg = Release|Any CPU
		{D244E8A3-E929-4AFA-831D-6C993554DA67}.Release|Any CPU.Build.0 = Release|Any CPU
		{2AE0DD6F-F61F-4EAD-A14C-5F012210B3C8}.Debug|Any CPU.ActiveCfg = Debug|Any CPU
		{2AE0DD6F-F61F-4EAD-A14C-5F012210B3C8}.Debug|Any CPU.Build.0 = Debug|Any CPU
		{2AE0DD6F-F61F-4EAD-A14C-5F012210B3C8}.Release|Any CPU.ActiveCfg = Release|Any CPU
		{2AE0DD6F-F61F-4EAD-A14C-5F012210B3C8}.Release|Any CPU.Build.0 = Release|Any CPU
	EndGlobalSection
	GlobalSection(NestedProjects) = preSolution
		{78B7DD07-A3CA-4E7E-954A-D7CA95214329} = {802D4497-4BD3-4EF1-BF23-AF4E64458E40}
		{61C8F316-897D-421F-BEAA-A9133AE5261D} = {802D4497-4BD3-4EF1-BF23-AF4E64458E40}
		{A1A051F2-C881-4D2C-8DA2-4D119965F13C} = {802D4497-4BD3-4EF1-BF23-AF4E64458E40}
		{DECCF341-4FAC-4561-81A0-E3FB7F6AABED} = {78B7DD07-A3CA-4E7E-954A-D7CA95214329}
		{07BF4F71-B4D7-4F22-992C-5A3DED135CE7} = {61C8F316-897D-421F-BEAA-A9133AE5261D}
		{C88017E1-D8E9-4232-926C-336326D2CBB9} = {61C8F316-897D-421F-BEAA-A9133AE5261D}
		{D244E8A3-E929-4AFA-831D-6C993554DA67} = {A1A051F2-C881-4D2C-8DA2-4D119965F13C}
		{2AE0DD6F-F61F-4EAD-A14C-5F012210B3C8} = {A1A051F2-C881-4D2C-8DA2-4D119965F13C}
	EndGlobalSection
EndGlobal
